// !$*UTF8*$!
{
	archiveVersion = 1;
	classes = {
	};
	objectVersion = 46;
	objects = {

/* Begin PBXBuildFile section */
		7FBE5D4019747CD20005F723 /* Foundation.framework in Frameworks */ = {isa = PBXBuildFile; fileRef = 7FBE5D3F19747CD20005F723 /* Foundation.framework */; };
		7FBE5D4219747CD20005F723 /* CoreGraphics.framework in Frameworks */ = {isa = PBXBuildFile; fileRef = 7FBE5D4119747CD20005F723 /* CoreGraphics.framework */; };
		7FBE5D4419747CD20005F723 /* UIKit.framework in Frameworks */ = {isa = PBXBuildFile; fileRef = 7FBE5D4319747CD20005F723 /* UIKit.framework */; };
		7FBE5D4A19747CD20005F723 /* InfoPlist.strings in Resources */ = {isa = PBXBuildFile; fileRef = 7FBE5D4819747CD20005F723 /* InfoPlist.strings */; };
		7FBE5D4C19747CD20005F723 /* main.m in Sources */ = {isa = PBXBuildFile; fileRef = 7FBE5D4B19747CD20005F723 /* main.m */; };
		7FBE5D5019747CD20005F723 /* XYZAppDelegate.m in Sources */ = {isa = PBXBuildFile; fileRef = 7FBE5D4F19747CD20005F723 /* XYZAppDelegate.m */; };
		7FBE5D5319747CD20005F723 /* Main.storyboard in Resources */ = {isa = PBXBuildFile; fileRef = 7FBE5D5119747CD20005F723 /* Main.storyboard */; };
		7FBE5D5619747CD20005F723 /* XYZViewController.m in Sources */ = {isa = PBXBuildFile; fileRef = 7FBE5D5519747CD20005F723 /* XYZViewController.m */; };
		7FBE5D5819747CD20005F723 /* Images.xcassets in Resources */ = {isa = PBXBuildFile; fileRef = 7FBE5D5719747CD20005F723 /* Images.xcassets */; };
		7FBE5D5F19747CD20005F723 /* XCTest.framework in Frameworks */ = {isa = PBXBuildFile; fileRef = 7FBE5D5E19747CD20005F723 /* XCTest.framework */; };
		7FBE5D6019747CD20005F723 /* Foundation.framework in Frameworks */ = {isa = PBXBuildFile; fileRef = 7FBE5D3F19747CD20005F723 /* Foundation.framework */; };
		7FBE5D6119747CD20005F723 /* UIKit.framework in Frameworks */ = {isa = PBXBuildFile; fileRef = 7FBE5D4319747CD20005F723 /* UIKit.framework */; };
		7FBE5D6919747CD20005F723 /* InfoPlist.strings in Resources */ = {isa = PBXBuildFile; fileRef = 7FBE5D6719747CD20005F723 /* InfoPlist.strings */; };
		7FBE5D6B19747CD20005F723 /* Hello_WorldTests.m in Sources */ = {isa = PBXBuildFile; fileRef = 7FBE5D6A19747CD20005F723 /* Hello_WorldTests.m */; };
/* End PBXBuildFile section */

/* Begin PBXContainerItemProxy section */
		7FBE5D6219747CD20005F723 /* PBXContainerItemProxy */ = {
			isa = PBXContainerItemProxy;
			containerPortal = 7FBE5D3419747CD10005F723 /* Project object */;
			proxyType = 1;
			remoteGlobalIDString = 7FBE5D3B19747CD10005F723;
			remoteInfo = "Hello World";
		};
/* End PBXContainerItemProxy section */

/* Begin PBXFileReference section */
		7FBE5D3C19747CD10005F723 /* Hello World.app */ = {isa = PBXFileReference; explicitFileType = wrapper.application; includeInIndex = 0; path = "Hello World.app"; sourceTree = BUILT_PRODUCTS_DIR; };
		7FBE5D3F19747CD20005F723 /* Foundation.framework */ = {isa = PBXFileReference; lastKnownFileType = wrapper.framework; name = Foundation.framework; path = System/Library/Frameworks/Foundation.framework; sourceTree = SDKROOT; };
		7FBE5D4119747CD20005F723 /* CoreGraphics.framework */ = {isa = PBXFileReference; lastKnownFileType = wrapper.framework; name = CoreGraphics.framework; path = System/Library/Frameworks/CoreGraphics.framework; sourceTree = SDKROOT; };
		7FBE5D4319747CD20005F723 /* UIKit.framework */ = {isa = PBXFileReference; lastKnownFileType = wrapper.framework; name = UIKit.framework; path = System/Library/Frameworks/UIKit.framework; sourceTree = SDKROOT; };
		7FBE5D4719747CD20005F723 /* Hello World-Info.plist */ = {isa = PBXFileReference; lastKnownFileType = text.plist.xml; path = "Hello World-Info.plist"; sourceTree = "<group>"; };
		7FBE5D4919747CD20005F723 /* en */ = {isa = PBXFileReference; lastKnownFileType = text.plist.strings; name = en; path = en.lproj/InfoPlist.strings; sourceTree = "<group>"; };
		7FBE5D4B19747CD20005F723 /* main.m */ = {isa = PBXFileReference; lastKnownFileType = sourcecode.c.objc; path = main.m; sourceTree = "<group>"; };
		7FBE5D4D19747CD20005F723 /* Hello World-Prefix.pch */ = {isa = PBXFileReference; lastKnownFileType = sourcecode.c.h; path = "Hello World-Prefix.pch"; sourceTree = "<group>"; };
		7FBE5D4E19747CD20005F723 /* XYZAppDelegate.h */ = {isa = PBXFileReference; lastKnownFileType = sourcecode.c.h; path = XYZAppDelegate.h; sourceTree = "<group>"; };
		7FBE5D4F19747CD20005F723 /* XYZAppDelegate.m */ = {isa = PBXFileReference; lastKnownFileType = sourcecode.c.objc; path = XYZAppDelegate.m; sourceTree = "<group>"; };
		7FBE5D5219747CD20005F723 /* Base */ = {isa = PBXFileReference; lastKnownFileType = file.storyboard; name = Base; path = Base.lproj/Main.storyboard; sourceTree = "<group>"; };
		7FBE5D5419747CD20005F723 /* XYZViewController.h */ = {isa = PBXFileReference; lastKnownFileType = sourcecode.c.h; path = XYZViewController.h; sourceTree = "<group>"; };
		7FBE5D5519747CD20005F723 /* XYZViewController.m */ = {isa = PBXFileReference; lastKnownFileType = sourcecode.c.objc; path = XYZViewController.m; sourceTree = "<group>"; };
		7FBE5D5719747CD20005F723 /* Images.xcassets */ = {isa = PBXFileReference; lastKnownFileType = folder.assetcatalog; path = Images.xcassets; sourceTree = "<group>"; };
		7FBE5D5D19747CD20005F723 /* Hello WorldTests.xctest */ = {isa = PBXFileReference; explicitFileType = wrapper.cfbundle; includeInIndex = 0; path = "Hello WorldTests.xctest"; sourceTree = BUILT_PRODUCTS_DIR; };
		7FBE5D5E19747CD20005F723 /* XCTest.framework */ = {isa = PBXFileReference; lastKnownFileType = wrapper.framework; name = XCTest.framework; path = Library/Frameworks/XCTest.framework; sourceTree = DEVELOPER_DIR; };
		7FBE5D6619747CD20005F723 /* Hello WorldTests-Info.plist */ = {isa = PBXFileReference; lastKnownFileType = text.plist.xml; path = "Hello WorldTests-Info.plist"; sourceTree = "<group>"; };
		7FBE5D6819747CD20005F723 /* en */ = {isa = PBXFileReference; lastKnownFileType = text.plist.strings; name = en; path = en.lproj/InfoPlist.strings; sourceTree = "<group>"; };
		7FBE5D6A19747CD20005F723 /* Hello_WorldTests.m */ = {isa = PBXFileReference; lastKnownFileType = sourcecode.c.objc; path = Hello_WorldTests.m; sourceTree = "<group>"; };
/* End PBXFileReference section */

/* Begin PBXFrameworksBuildPhase section */
		7FBE5D3919747CD10005F723 /* Frameworks */ = {
			isa = PBXFrameworksBuildPhase;
			buildActionMask = 2147483647;
			files = (
				7FBE5D4219747CD20005F723 /* CoreGraphics.framework in Frameworks */,
				7FBE5D4419747CD20005F723 /* UIKit.framework in Frameworks */,
				7FBE5D4019747CD20005F723 /* Foundation.framework in Frameworks */,
			);
			runOnlyForDeploymentPostprocessing = 0;
		};
		7FBE5D5A19747CD20005F723 /* Frameworks */ = {
			isa = PBXFrameworksBuildPhase;
			buildActionMask = 2147483647;
			files = (
				7FBE5D5F19747CD20005F723 /* XCTest.framework in Frameworks */,
				7FBE5D6119747CD20005F723 /* UIKit.framework in Frameworks */,
				7FBE5D6019747CD20005F723 /* Foundation.framework in Frameworks */,
			);
			runOnlyForDeploymentPostprocessing = 0;
		};
/* End PBXFrameworksBuildPhase section */

/* Begin PBXGroup section */
		7FBE5D3319747CD10005F723 = {
			isa = PBXGroup;
			children = (
				7FBE5D4519747CD20005F723 /* Hello World */,
				7FBE5D6419747CD20005F723 /* Hello WorldTests */,
				7FBE5D3E19747CD10005F723 /* Frameworks */,
				7FBE5D3D19747CD10005F723 /* Products */,
			);
			sourceTree = "<group>";
		};
		7FBE5D3D19747CD10005F723 /* Products */ = {
			isa = PBXGroup;
			children = (
				7FBE5D3C19747CD10005F723 /* Hello World.app */,
				7FBE5D5D19747CD20005F723 /* Hello WorldTests.xctest */,
			);
			name = Products;
			sourceTree = "<group>";
		};
		7FBE5D3E19747CD10005F723 /* Frameworks */ = {
			isa = PBXGroup;
			children = (
				7FBE5D3F19747CD20005F723 /* Foundation.framework */,
				7FBE5D4119747CD20005F723 /* CoreGraphics.framework */,
				7FBE5D4319747CD20005F723 /* UIKit.framework */,
				7FBE5D5E19747CD20005F723 /* XCTest.framework */,
			);
			name = Frameworks;
			sourceTree = "<group>";
		};
		7FBE5D4519747CD20005F723 /* Hello World */ = {
			isa = PBXGroup;
			children = (
				7FBE5D4E19747CD20005F723 /* XYZAppDelegate.h */,
				7FBE5D4F19747CD20005F723 /* XYZAppDelegate.m */,
				7FBE5D5119747CD20005F723 /* Main.storyboard */,
				7FBE5D5419747CD20005F723 /* XYZViewController.h */,
				7FBE5D5519747CD20005F723 /* XYZViewController.m */,
				7FBE5D5719747CD20005F723 /* Images.xcassets */,
				7FBE5D4619747CD20005F723 /* Supporting Files */,
			);
			path = "Hello World";
			sourceTree = "<group>";
		};
		7FBE5D4619747CD20005F723 /* Supporting Files */ = {
			isa = PBXGroup;
			children = (
				7FBE5D4719747CD20005F723 /* Hello World-Info.plist */,
				7FBE5D4819747CD20005F723 /* InfoPlist.strings */,
				7FBE5D4B19747CD20005F723 /* main.m */,
				7FBE5D4D19747CD20005F723 /* Hello World-Prefix.pch */,
			);
			name = "Supporting Files";
			sourceTree = "<group>";
		};
		7FBE5D6419747CD20005F723 /* Hello WorldTests */ = {
			isa = PBXGroup;
			children = (
				7FBE5D6A19747CD20005F723 /* Hello_WorldTests.m */,
				7FBE5D6519747CD20005F723 /* Supporting Files */,
			);
			path = "Hello WorldTests";
			sourceTree = "<group>";
		};
		7FBE5D6519747CD20005F723 /* Supporting Files */ = {
			isa = PBXGroup;
			children = (
				7FBE5D6619747CD20005F723 /* Hello WorldTests-Info.plist */,
				7FBE5D6719747CD20005F723 /* InfoPlist.strings */,
			);
			name = "Supporting Files";
			sourceTree = "<group>";
		};
/* End PBXGroup section */

/* Begin PBXNativeTarget section */
		7FBE5D3B19747CD10005F723 /* Hello World */ = {
			isa = PBXNativeTarget;
			buildConfigurationList = 7FBE5D6E19747CD20005F723 /* Build configuration list for PBXNativeTarget "Hello World" */;
			buildPhases = (
				7FBE5D3819747CD10005F723 /* Sources */,
				7FBE5D3919747CD10005F723 /* Frameworks */,
				7FBE5D3A19747CD10005F723 /* Resources */,
			);
			buildRules = (
			);
			dependencies = (
			);
			name = "Hello World";
			productName = "Hello World";
			productReference = 7FBE5D3C19747CD10005F723 /* Hello World.app */;
			productType = "com.apple.product-type.application";
		};
		7FBE5D5C19747CD20005F723 /* Hello WorldTests */ = {
			isa = PBXNativeTarget;
			buildConfigurationList = 7FBE5D7119747CD20005F723 /* Build configuration list for PBXNativeTarget "Hello WorldTests" */;
			buildPhases = (
				7FBE5D5919747CD20005F723 /* Sources */,
				7FBE5D5A19747CD20005F723 /* Frameworks */,
				7FBE5D5B19747CD20005F723 /* Resources */,
			);
			buildRules = (
			);
			dependencies = (
				7FBE5D6319747CD20005F723 /* PBXTargetDependency */,
			);
			name = "Hello WorldTests";
			productName = "Hello WorldTests";
			productReference = 7FBE5D5D19747CD20005F723 /* Hello WorldTests.xctest */;
			productType = "com.apple.product-type.bundle.unit-test";
		};
/* End PBXNativeTarget section */

/* Begin PBXProject section */
		7FBE5D3419747CD10005F723 /* Project object */ = {
			isa = PBXProject;
			attributes = {
				CLASSPREFIX = XYZ;
				LastUpgradeCheck = 0510;
				ORGANIZATIONNAME = "___FULLUSERNAME___";
				TargetAttributes = {
					7FBE5D5C19747CD20005F723 = {
						TestTargetID = 7FBE5D3B19747CD10005F723;
					};
				};
			};
			buildConfigurationList = 7FBE5D3719747CD10005F723 /* Build configuration list for PBXProject "Hello World" */;
			compatibilityVersion = "Xcode 3.2";
			developmentRegion = English;
			hasScannedForEncodings = 0;
			knownRegions = (
				en,
				Base,
			);
			mainGroup = 7FBE5D3319747CD10005F723;
			productRefGroup = 7FBE5D3D19747CD10005F723 /* Products */;
			projectDirPath = "";
			projectRoot = "";
			targets = (
				7FBE5D3B19747CD10005F723 /* Hello World */,
				7FBE5D5C19747CD20005F723 /* Hello WorldTests */,
			);
		};
/* End PBXProject section */

/* Begin PBXResourcesBuildPhase section */
		7FBE5D3A19747CD10005F723 /* Resources */ = {
			isa = PBXResourcesBuildPhase;
			buildActionMask = 2147483647;
			files = (
				7FBE5D5819747CD20005F723 /* Images.xcassets in Resources */,
				7FBE5D4A19747CD20005F723 /* InfoPlist.strings in Resources */,
				7FBE5D5319747CD20005F723 /* Main.storyboard in Resources */,
			);
			runOnlyForDeploymentPostprocessing = 0;
		};
		7FBE5D5B19747CD20005F723 /* Resources */ = {
			isa = PBXResourcesBuildPhase;
			buildActionMask = 2147483647;
			files = (
				7FBE5D6919747CD20005F723 /* InfoPlist.strings in Resources */,
			);
			runOnlyForDeploymentPostprocessing = 0;
		};
/* End PBXResourcesBuildPhase section */

/* Begin PBXSourcesBuildPhase section */
		7FBE5D3819747CD10005F723 /* Sources */ = {
			isa = PBXSourcesBuildPhase;
			buildActionMask = 2147483647;
			files = (
				7FBE5D5619747CD20005F723 /* XYZViewController.m in Sources */,
				7FBE5D5019747CD20005F723 /* XYZAppDelegate.m in Sources */,
				7FBE5D4C19747CD20005F723 /* main.m in Sources */,
			);
			runOnlyForDeploymentPostprocessing = 0;
		};
		7FBE5D5919747CD20005F723 /* Sources */ = {
			isa = PBXSourcesBuildPhase;
			buildActionMask = 2147483647;
			files = (
				7FBE5D6B19747CD20005F723 /* Hello_WorldTests.m in Sources */,
			);
			runOnlyForDeploymentPostprocessing = 0;
		};
/* End PBXSourcesBuildPhase section */

/* Begin PBXTargetDependency section */
		7FBE5D6319747CD20005F723 /* PBXTargetDependency */ = {
			isa = PBXTargetDependency;
			target = 7FBE5D3B19747CD10005F723 /* Hello World */;
			targetProxy = 7FBE5D6219747CD20005F723 /* PBXContainerItemProxy */;
		};
/* End PBXTargetDependency section */

/* Begin PBXVariantGroup section */
		7FBE5D4819747CD20005F723 /* InfoPlist.strings */ = {
			isa = PBXVariantGroup;
			children = (
				7FBE5D4919747CD20005F723 /* en */,
			);
			name = InfoPlist.strings;
			sourceTree = "<group>";
		};
		7FBE5D5119747CD20005F723 /* Main.storyboard */ = {
			isa = PBXVariantGroup;
			children = (
				7FBE5D5219747CD20005F723 /* Base */,
			);
			name = Main.storyboard;
			sourceTree = "<group>";
		};
		7FBE5D6719747CD20005F723 /* InfoPlist.strings */ = {
			isa = PBXVariantGroup;
			children = (
				7FBE5D6819747CD20005F723 /* en */,
			);
			name = InfoPlist.strings;
			sourceTree = "<group>";
		};
/* End PBXVariantGroup section */

/* Begin XCBuildConfiguration section */
		7FBE5D6C19747CD20005F723 /* Debug */ = {
			isa = XCBuildConfiguration;
			buildSettings = {
				ALWAYS_SEARCH_USER_PATHS = NO;
				CLANG_CXX_LANGUAGE_STANDARD = "gnu++0x";
				CLANG_CXX_LIBRARY = "libc++";
				CLANG_ENABLE_MODULES = YES;
				CLANG_ENABLE_OBJC_ARC = YES;
				CLANG_WARN_BOOL_CONVERSION = YES;
				CLANG_WARN_CONSTANT_CONVERSION = YES;
				CLANG_WARN_DIRECT_OBJC_ISA_USAGE = YES_ERROR;
				CLANG_WARN_EMPTY_BODY = YES;
				CLANG_WARN_ENUM_CONVERSION = YES;
				CLANG_WARN_INT_CONVERSION = YES;
				CLANG_WARN_OBJC_ROOT_CLASS = YES_ERROR;
				CLANG_WARN__DUPLICATE_METHOD_MATCH = YES;
				"CODE_SIGN_IDENTITY[sdk=iphoneos*]" = "iPhone Developer";
				COPY_PHASE_STRIP = NO;
				GCC_C_LANGUAGE_STANDARD = gnu99;
				GCC_DYNAMIC_NO_PIC = NO;
				GCC_OPTIMIZATION_LEVEL = 0;
				GCC_PREPROCESSOR_DEFINITIONS = (
					"DEBUG=1",
					"$(inherited)",
				);
				GCC_SYMBOLS_PRIVATE_EXTERN = NO;
				GCC_WARN_64_TO_32_BIT_CONVERSION = YES;
				GCC_WARN_ABOUT_RETURN_TYPE = YES_ERROR;
				GCC_WARN_UNDECLARED_SELECTOR = YES;
				GCC_WARN_UNINITIALIZED_AUTOS = YES_AGGRESSIVE;
				GCC_WARN_UNUSED_FUNCTION = YES;
				GCC_WARN_UNUSED_VARIABLE = YES;
				IPHONEOS_DEPLOYMENT_TARGET = 7.1;
				ONLY_ACTIVE_ARCH = YES;
				SDKROOT = iphoneos;
			};
			name = Debug;
		};
		7FBE5D6D19747CD20005F723 /* Release */ = {
			isa = XCBuildConfiguration;
			buildSettings = {
				ALWAYS_SEARCH_USER_PATHS = NO;
				CLANG_CXX_LANGUAGE_STANDARD = "gnu++0x";
				CLANG_CXX_LIBRARY = "libc++";
				CLANG_ENABLE_MODULES = YES;
				CLANG_ENABLE_OBJC_ARC = YES;
				CLANG_WARN_BOOL_CONVERSION = YES;
				CLANG_WARN_CONSTANT_CONVERSION = YES;
				CLANG_WARN_DIRECT_OBJC_ISA_USAGE = YES_ERROR;
				CLANG_WARN_EMPTY_BODY = YES;
				CLANG_WARN_ENUM_CONVERSION = YES;
				CLANG_WARN_INT_CONVERSION = YES;
				CLANG_WARN_OBJC_ROOT_CLASS = YES_ERROR;
				CLANG_WARN__DUPLICATE_METHOD_MATCH = YES;
				"CODE_SIGN_IDENTITY[sdk=iphoneos*]" = "iPhone Developer";
				COPY_PHASE_STRIP = YES;
				ENABLE_NS_ASSERTIONS = NO;
				GCC_C_LANGUAGE_STANDARD = gnu99;
				GCC_WARN_64_TO_32_BIT_CONVERSION = YES;
				GCC_WARN_ABOUT_RETURN_TYPE = YES_ERROR;
				GCC_WARN_UNDECLARED_SELECTOR = YES;
				GCC_WARN_UNINITIALIZED_AUTOS = YES_AGGRESSIVE;
				GCC_WARN_UNUSED_FUNCTION = YES;
				GCC_WARN_UNUSED_VARIABLE = YES;
				IPHONEOS_DEPLOYMENT_TARGET = 7.1;
				SDKROOT = iphoneos;
				VALIDATE_PRODUCT = YES;
			};
			name = Release;
		};
		7FBE5D6F19747CD20005F723 /* Debug */ = {
			isa = XCBuildConfiguration;
			buildSettings = {
				ASSETCATALOG_COMPILER_APPICON_NAME = AppIcon;
				ASSETCATALOG_COMPILER_LAUNCHIMAGE_NAME = LaunchImage;
				"CODE_SIGN_IDENTITY[sdk=iphoneos*]" = "";
				GCC_PRECOMPILE_PREFIX_HEADER = YES;
				GCC_PREFIX_HEADER = "Hello World/Hello World-Prefix.pch";
				INFOPLIST_FILE = "Hello World/Hello World-Info.plist";
				PRODUCT_NAME = "$(TARGET_NAME)";
				WRAPPER_EXTENSION = app;
			};
			name = Debug;
		};
		7FBE5D7019747CD20005F723 /* Release */ = {
			isa = XCBuildConfiguration;
			buildSettings = {
				ASSETCATALOG_COMPILER_APPICON_NAME = AppIcon;
				ASSETCATALOG_COMPILER_LAUNCHIMAGE_NAME = LaunchImage;
				"CODE_SIGN_IDENTITY[sdk=iphoneos*]" = "";
				GCC_PRECOMPILE_PREFIX_HEADER = YES;
				GCC_PREFIX_HEADER = "Hello World/Hello World-Prefix.pch";
				INFOPLIST_FILE = "Hello World/Hello World-Info.plist";
				PRODUCT_NAME = "$(TARGET_NAME)";
				WRAPPER_EXTENSION = app;
			};
			name = Release;
		};
		7FBE5D7219747CD20005F723 /* Debug */ = {
			isa = XCBuildConfiguration;
			buildSettings = {
				BUNDLE_LOADER = "$(BUILT_PRODUCTS_DIR)/Hello World.app/Hello World";
				FRAMEWORK_SEARCH_PATHS = (
					"$(SDKROOT)/Developer/Library/Frameworks",
					"$(inherited)",
					"$(DEVELOPER_FRAMEWORKS_DIR)",
				);
				GCC_PRECOMPILE_PREFIX_HEADER = YES;
				GCC_PREFIX_HEADER = "Hello World/Hello World-Prefix.pch";
				GCC_PREPROCESSOR_DEFINITIONS = (
					"DEBUG=1",
					"$(inherited)",
				);
				INFOPLIST_FILE = "Hello WorldTests/Hello WorldTests-Info.plist";
				PRODUCT_NAME = "$(TARGET_NAME)";
				TEST_HOST = "$(BUNDLE_LOADER)";
				WRAPPER_EXTENSION = xctest;
			};
			name = Debug;
		};
		7FBE5D7319747CD20005F723 /* Release */ = {
			isa = XCBuildConfiguration;
			buildSettings = {
				BUNDLE_LOADER = "$(BUILT_PRODUCTS_DIR)/Hello World.app/Hello World";
				FRAMEWORK_SEARCH_PATHS = (
					"$(SDKROOT)/Developer/Library/Frameworks",
					"$(inherited)",
					"$(DEVELOPER_FRAMEWORKS_DIR)",
				);
				GCC_PRECOMPILE_PREFIX_HEADER = YES;
				GCC_PREFIX_HEADER = "Hello World/Hello World-Prefix.pch";
				INFOPLIST_FILE = "Hello WorldTests/Hello WorldTests-Info.plist";
				PRODUCT_NAME = "$(TARGET_NAME)";
				TEST_HOST = "$(BUNDLE_LOADER)";
				WRAPPER_EXTENSION = xctest;
			};
			name = Release;
		};
/* End XCBuildConfiguration section */

/* Begin XCConfigurationList section */
		7FBE5D3719747CD10005F723 /* Build configuration list for PBXProject "Hello World" */ = {
			isa = XCConfigurationList;
			buildConfigurations = (
				7FBE5D6C19747CD20005F723 /* Debug */,
				7FBE5D6D19747CD20005F723 /* Release */,
			);
			defaultConfigurationIsVisible = 0;
			defaultConfigurationName = Release;
		};
		7FBE5D6E19747CD20005F723 /* Build configuration list for PBXNativeTarget "Hello World" */ = {
			isa = XCConfigurationList;
			buildConfigurations = (
				7FBE5D6F19747CD20005F723 /* Debug */,
				7FBE5D7019747CD20005F723 /* Release */,
			);
			defaultConfigurationIsVisible = 0;
			defaultConfigurationName = Release;
		};
		7FBE5D7119747CD20005F723 /* Build configuration list for PBXNativeTarget "Hello WorldTests" */ = {
			isa = XCConfigurationList;
			buildConfigurations = (
				7FBE5D7219747CD20005F723 /* Debug */,
				7FBE5D7319747CD20005F723 /* Release */,
			);
			defaultConfigurationIsVisible = 0;
			defaultConfigurationName = Release;
		};
/* End XCConfigurationList section */
	};
	rootObject = 7FBE5D3419747CD10005F723 /* Project object */;
}
